// !$*UTF8*$!
{
	archiveVersion = 1;
	classes = {
	};
	objectVersion = 51;
	objects = {

/* Begin PBXBuildFile section */
		28A6D3C9A5328096A8813FDA /* Pods_APIdemo.framework in Frameworks */ = {isa = PBXBuildFile; fileRef = 5D038FDF4CE6C20243D78849 /* Pods_APIdemo.framework */; };
		5D53657022EE578A00458430 /* GitHub - Project Boards.pdf in Resources */ = {isa = PBXBuildFile; fileRef = 5D53656F22EE578A00458430 /* GitHub - Project Boards.pdf */; };
		5D66B00522E1288B000AEF89 /* Cut.png in Resources */ = {isa = PBXBuildFile; fileRef = 5D66B00422E1288B000AEF89 /* Cut.png */; };
		5D66B00722E137F8000AEF89 /* Short.gif in Resources */ = {isa = PBXBuildFile; fileRef = 5D66B00622E137F8000AEF89 /* Short.gif */; };
		5D74A3BA22E04B6C004BBFE8 /* gifView.swift in Sources */ = {isa = PBXBuildFile; fileRef = 5D74A3B922E04B6C004BBFE8 /* gifView.swift */; };
		5D74A3BC22E04BFD004BBFE8 /* samurai.gif in Resources */ = {isa = PBXBuildFile; fileRef = 5D74A3BB22E04BFD004BBFE8 /* samurai.gif */; };
		5D8164C622E0E9AD00A69871 /* LoginPageViewController.swift in Sources */ = {isa = PBXBuildFile; fileRef = 5D8164C522E0E9AD00A69871 /* LoginPageViewController.swift */; };
		5D8164C822E0ECED00A69871 /* Sumarai.gif in Resources */ = {isa = PBXBuildFile; fileRef = 5D8164C722E0ECED00A69871 /* Sumarai.gif */; };
		5D8164EA22E0F8CF00A69871 /* sword.gif in Resources */ = {isa = PBXBuildFile; fileRef = 5D8164E922E0F8CF00A69871 /* sword.gif */; };
		5DAA5D6622DA9EA200C6BDB5 /* AppDelegate.swift in Sources */ = {isa = PBXBuildFile; fileRef = 5DAA5D6522DA9EA200C6BDB5 /* AppDelegate.swift */; };
		5DAA5D6822DA9EA200C6BDB5 /* ViewController.swift in Sources */ = {isa = PBXBuildFile; fileRef = 5DAA5D6722DA9EA200C6BDB5 /* ViewController.swift */; };
		5DAA5D6B22DA9EA200C6BDB5 /* Main.storyboard in Resources */ = {isa = PBXBuildFile; fileRef = 5DAA5D6922DA9EA200C6BDB5 /* Main.storyboard */; };
		5DAA5D6D22DA9EA300C6BDB5 /* Assets.xcassets in Resources */ = {isa = PBXBuildFile; fileRef = 5DAA5D6C22DA9EA300C6BDB5 /* Assets.xcassets */; };
		5DAA5D7022DA9EA300C6BDB5 /* LaunchScreen.storyboard in Resources */ = {isa = PBXBuildFile; fileRef = 5DAA5D6E22DA9EA300C6BDB5 /* LaunchScreen.storyboard */; };
/* End PBXBuildFile section */

/* Begin PBXFileReference section */
		11713A83FCD2B4277BE7FE9E /* Pods-APIdemo.release.xcconfig */ = {isa = PBXFileReference; includeInIndex = 1; lastKnownFileType = text.xcconfig; name = "Pods-APIdemo.release.xcconfig"; path = "Target Support Files/Pods-APIdemo/Pods-APIdemo.release.xcconfig"; sourceTree = "<group>"; };
		5D038FDF4CE6C20243D78849 /* Pods_APIdemo.framework */ = {isa = PBXFileReference; explicitFileType = wrapper.framework; includeInIndex = 0; path = Pods_APIdemo.framework; sourceTree = BUILT_PRODUCTS_DIR; };
		5D53656F22EE578A00458430 /* GitHub - Project Boards.pdf */ = {isa = PBXFileReference; lastKnownFileType = image.pdf; path = "GitHub - Project Boards.pdf"; sourceTree = "<group>"; };
		5D66B00422E1288B000AEF89 /* Cut.png */ = {isa = PBXFileReference; lastKnownFileType = image.png; name = Cut.png; path = ../../../Cut.png; sourceTree = "<group>"; };
		5D66B00622E137F8000AEF89 /* Short.gif */ = {isa = PBXFileReference; lastKnownFileType = image.gif; name = Short.gif; path = ../../../../Downloads/Short.gif; sourceTree = "<group>"; };
		5D74A3B922E04B6C004BBFE8 /* gifView.swift */ = {isa = PBXFileReference; lastKnownFileType = sourcecode.swift; path = gifView.swift; sourceTree = "<group>"; };
		5D74A3BB22E04BFD004BBFE8 /* samurai.gif */ = {isa = PBXFileReference; lastKnownFileType = image.gif; name = samurai.gif; path = ../../../mySumurai/samurai.gif; sourceTree = "<group>"; };
		5D8164C522E0E9AD00A69871 /* LoginPageViewController.swift */ = {isa = PBXFileReference; lastKnownFileType = sourcecode.swift; path = LoginPageViewController.swift; sourceTree = "<group>"; };
		5D8164C722E0ECED00A69871 /* Sumarai.gif */ = {isa = PBXFileReference; lastKnownFileType = image.gif; name = Sumarai.gif; path = ../../../../Downloads/Sumarai.gif; sourceTree = "<group>"; };
		5D8164E922E0F8CF00A69871 /* sword.gif */ = {isa = PBXFileReference; lastKnownFileType = image.gif; name = sword.gif; path = ../../../mySumurai/sword.gif; sourceTree = "<group>"; };
		5DAA5D6222DA9EA200C6BDB5 /* APIdemo.app */ = {isa = PBXFileReference; explicitFileType = wrapper.application; includeInIndex = 0; path = APIdemo.app; sourceTree = BUILT_PRODUCTS_DIR; };
		5DAA5D6522DA9EA200C6BDB5 /* AppDelegate.swift */ = {isa = PBXFileReference; lastKnownFileType = sourcecode.swift; path = AppDelegate.swift; sourceTree = "<group>"; };
		5DAA5D6722DA9EA200C6BDB5 /* ViewController.swift */ = {isa = PBXFileReference; lastKnownFileType = sourcecode.swift; path = ViewController.swift; sourceTree = "<group>"; };
		5DAA5D6A22DA9EA200C6BDB5 /* Base */ = {isa = PBXFileReference; lastKnownFileType = file.storyboard; name = Base; path = Base.lproj/Main.storyboard; sourceTree = "<group>"; };
		5DAA5D6C22DA9EA300C6BDB5 /* Assets.xcassets */ = {isa = PBXFileReference; lastKnownFileType = folder.assetcatalog; path = Assets.xcassets; sourceTree = "<group>"; };
		5DAA5D6F22DA9EA300C6BDB5 /* Base */ = {isa = PBXFileReference; lastKnownFileType = file.storyboard; name = Base; path = Base.lproj/LaunchScreen.storyboard; sourceTree = "<group>"; };
		5DAA5D7122DA9EA300C6BDB5 /* Info.plist */ = {isa = PBXFileReference; lastKnownFileType = text.plist.xml; path = Info.plist; sourceTree = "<group>"; };
		5DC6B92322EE871A00716F21 /* Essay.docx */ = {isa = PBXFileReference; lastKnownFileType = file; path = Essay.docx; sourceTree = "<group>"; };
		5DDB87C722F0EAB700D34B4F /* APIdemo.entitlements */ = {isa = PBXFileReference; lastKnownFileType = text.plist.entitlements; path = APIdemo.entitlements; sourceTree = "<group>"; };
		A5CEC199395E6E81FC5A8E28 /* Pods-APIdemo.debug.xcconfig */ = {isa = PBXFileReference; includeInIndex = 1; lastKnownFileType = text.xcconfig; name = "Pods-APIdemo.debug.xcconfig"; path = "Target Support Files/Pods-APIdemo/Pods-APIdemo.debug.xcconfig"; sourceTree = "<group>"; };
/* End PBXFileReference section */

/* Begin PBXFrameworksBuildPhase section */
		5DAA5D5F22DA9EA200C6BDB5 /* Frameworks */ = {
			isa = PBXFrameworksBuildPhase;
			buildActionMask = 2147483647;
			files = (
				28A6D3C9A5328096A8813FDA /* Pods_APIdemo.framework in Frameworks */,
			);
			runOnlyForDeploymentPostprocessing = 0;
		};
/* End PBXFrameworksBuildPhase section */

/* Begin PBXGroup section */
		06447C6D99B8CBF2AB869A02 /* Frameworks */ = {
			isa = PBXGroup;
			children = (
				5D038FDF4CE6C20243D78849 /* Pods_APIdemo.framework */,
			);
			name = Frameworks;
			sourceTree = "<group>";
		};
		5DAA5D5922DA9EA200C6BDB5 = {
			isa = PBXGroup;
			children = (
				5DAA5D6422DA9EA200C6BDB5 /* APIdemo */,
				5DAA5D6322DA9EA200C6BDB5 /* Products */,
				917BF939F791D404E5ABEE41 /* Pods */,
				06447C6D99B8CBF2AB869A02 /* Frameworks */,
			);
			sourceTree = "<group>";
		};
		5DAA5D6322DA9EA200C6BDB5 /* Products */ = {
			isa = PBXGroup;
			children = (
				5DAA5D6222DA9EA200C6BDB5 /* APIdemo.app */,
			);
			name = Products;
			sourceTree = "<group>";
		};
		5DAA5D6422DA9EA200C6BDB5 /* APIdemo */ = {
			isa = PBXGroup;
			children = (
				5DDB87C722F0EAB700D34B4F /* APIdemo.entitlements */,
				5D53656F22EE578A00458430 /* GitHub - Project Boards.pdf */,
				5DC6B92322EE871A00716F21 /* Essay.docx */,
				5D74A3BB22E04BFD004BBFE8 /* samurai.gif */,
				5D8164C722E0ECED00A69871 /* Sumarai.gif */,
				5D8164E922E0F8CF00A69871 /* sword.gif */,
				5D66B00622E137F8000AEF89 /* Short.gif */,
				5D66B00422E1288B000AEF89 /* Cut.png */,
				5DAA5D6522DA9EA200C6BDB5 /* AppDelegate.swift */,
				5DAA5D6722DA9EA200C6BDB5 /* ViewController.swift */,
				5D74A3B922E04B6C004BBFE8 /* gifView.swift */,
				5DAA5D6922DA9EA200C6BDB5 /* Main.storyboard */,
				5D8164C522E0E9AD00A69871 /* LoginPageViewController.swift */,
				5DAA5D6C22DA9EA300C6BDB5 /* Assets.xcassets */,
				5DAA5D6E22DA9EA300C6BDB5 /* LaunchScreen.storyboard */,
				5DAA5D7122DA9EA300C6BDB5 /* Info.plist */,
			);
			path = APIdemo;
			sourceTree = "<group>";
		};
		917BF939F791D404E5ABEE41 /* Pods */ = {
			isa = PBXGroup;
			children = (
				A5CEC199395E6E81FC5A8E28 /* Pods-APIdemo.debug.xcconfig */,
				11713A83FCD2B4277BE7FE9E /* Pods-APIdemo.release.xcconfig */,
			);
			path = Pods;
			sourceTree = "<group>";
		};
/* End PBXGroup section */

/* Begin PBXNativeTarget section */
		5DAA5D6122DA9EA200C6BDB5 /* APIdemo */ = {
			isa = PBXNativeTarget;
			buildConfigurationList = 5DAA5D7422DA9EA300C6BDB5 /* Build configuration list for PBXNativeTarget "APIdemo" */;
			buildPhases = (
				E1AA658E9C912E12A6D5EBD0 /* [CP] Check Pods Manifest.lock */,
				5DAA5D5E22DA9EA200C6BDB5 /* Sources */,
				5DAA5D5F22DA9EA200C6BDB5 /* Frameworks */,
				5DAA5D6022DA9EA200C6BDB5 /* Resources */,
				03E8B296365F94A7745F8F69 /* [CP] Embed Pods Frameworks */,
			);
			buildRules = (
			);
			dependencies = (
			);
			name = APIdemo;
			productName = APIdemo;
			productReference = 5DAA5D6222DA9EA200C6BDB5 /* APIdemo.app */;
			productType = "com.apple.product-type.application";
		};
/* End PBXNativeTarget section */

/* Begin PBXProject section */
		5DAA5D5A22DA9EA200C6BDB5 /* Project object */ = {
			isa = PBXProject;
			attributes = {
				LastSwiftUpdateCheck = 1020;
				LastUpgradeCheck = 1020;
				ORGANIZATIONNAME = "Jachimike Onuoha";
				TargetAttributes = {
					5DAA5D6122DA9EA200C6BDB5 = {
						CreatedOnToolsVersion = 10.2.1;
						SystemCapabilities = {
							com.apple.iCloud = {
								enabled = 1;
							};
						};
					};
				};
			};
			buildConfigurationList = 5DAA5D5D22DA9EA200C6BDB5 /* Build configuration list for PBXProject "APIdemo" */;
			compatibilityVersion = "Xcode 9.3";
			developmentRegion = en;
			hasScannedForEncodings = 0;
			knownRegions = (
				en,
				Base,
			);
			mainGroup = 5DAA5D5922DA9EA200C6BDB5;
			productRefGroup = 5DAA5D6322DA9EA200C6BDB5 /* Products */;
			projectDirPath = "";
			projectRoot = "";
			targets = (
				5DAA5D6122DA9EA200C6BDB5 /* APIdemo */,
			);
		};
/* End PBXProject section */

/* Begin PBXResourcesBuildPhase section */
		5DAA5D6022DA9EA200C6BDB5 /* Resources */ = {
			isa = PBXResourcesBuildPhase;
			buildActionMask = 2147483647;
			files = (
				5DAA5D7022DA9EA300C6BDB5 /* LaunchScreen.storyboard in Resources */,
				5D53657022EE578A00458430 /* GitHub - Project Boards.pdf in Resources */,
				5D8164C822E0ECED00A69871 /* Sumarai.gif in Resources */,
				5DAA5D6D22DA9EA300C6BDB5 /* Assets.xcassets in Resources */,
				5D74A3BC22E04BFD004BBFE8 /* samurai.gif in Resources */,
				5DAA5D6B22DA9EA200C6BDB5 /* Main.storyboard in Resources */,
				5D8164EA22E0F8CF00A69871 /* sword.gif in Resources */,
				5D66B00522E1288B000AEF89 /* Cut.png in Resources */,
				5D66B00722E137F8000AEF89 /* Short.gif in Resources */,
			);
			runOnlyForDeploymentPostprocessing = 0;
		};
/* End PBXResourcesBuildPhase section */

/* Begin PBXShellScriptBuildPhase section */
		03E8B296365F94A7745F8F69 /* [CP] Embed Pods Frameworks */ = {
			isa = PBXShellScriptBuildPhase;
			buildActionMask = 2147483647;
			files = (
			);
			inputFileListPaths = (
				"${PODS_ROOT}/Target Support Files/Pods-APIdemo/Pods-APIdemo-frameworks-${CONFIGURATION}-input-files.xcfilelist",
			);
			name = "[CP] Embed Pods Frameworks";
			outputFileListPaths = (
				"${PODS_ROOT}/Target Support Files/Pods-APIdemo/Pods-APIdemo-frameworks-${CONFIGURATION}-output-files.xcfilelist",
			);
			runOnlyForDeploymentPostprocessing = 0;
			shellPath = /bin/sh;
			shellScript = "\"${PODS_ROOT}/Target Support Files/Pods-APIdemo/Pods-APIdemo-frameworks.sh\"\n";
			showEnvVarsInLog = 0;
		};
		E1AA658E9C912E12A6D5EBD0 /* [CP] Check Pods Manifest.lock */ = {
			isa = PBXShellScriptBuildPhase;
			buildActionMask = 2147483647;
			files = (
			);
			inputFileListPaths = (
			);
			inputPaths = (
				"${PODS_PODFILE_DIR_PATH}/Podfile.lock",
				"${PODS_ROOT}/Manifest.lock",
			);
			name = "[CP] Check Pods Manifest.lock";
			outputFileListPaths = (
			);
			outputPaths = (
				"$(DERIVED_FILE_DIR)/Pods-APIdemo-checkManifestLockResult.txt",
			);
			runOnlyForDeploymentPostprocessing = 0;
			shellPath = /bin/sh;
			shellScript = "diff \"${PODS_PODFILE_DIR_PATH}/Podfile.lock\" \"${PODS_ROOT}/Manifest.lock\" > /dev/null\nif [ $? != 0 ] ; then\n    # print error to STDERR\n    echo \"error: The sandbox is not in sync with the Podfile.lock. Run 'pod install' or update your CocoaPods installation.\" >&2\n    exit 1\nfi\n# This output is used by Xcode 'outputs' to avoid re-running this script phase.\necho \"SUCCESS\" > \"${SCRIPT_OUTPUT_FILE_0}\"\n";
			showEnvVarsInLog = 0;
		};
/* End PBXShellScriptBuildPhase section */

/* Begin PBXSourcesBuildPhase section */
		5DAA5D5E22DA9EA200C6BDB5 /* Sources */ = {
			isa = PBXSourcesBuildPhase;
			buildActionMask = 2147483647;
			files = (
				5DAA5D6822DA9EA200C6BDB5 /* ViewController.swift in Sources */,
				5D8164C622E0E9AD00A69871 /* LoginPageViewController.swift in Sources */,
				5DAA5D6622DA9EA200C6BDB5 /* AppDelegate.swift in Sources */,
				5D74A3BA22E04B6C004BBFE8 /* gifView.swift in Sources */,
			);
			runOnlyForDeploymentPostprocessing = 0;
		};
/* End PBXSourcesBuildPhase section */

/* Begin PBXVariantGroup section */
		5DAA5D6922DA9EA200C6BDB5 /* Main.storyboard */ = {
			isa = PBXVariantGroup;
			children = (
				5DAA5D6A22DA9EA200C6BDB5 /* Base */,
			);
			name = Main.storyboard;
			sourceTree = "<group>";
		};
		5DAA5D6E22DA9EA300C6BDB5 /* LaunchScreen.storyboard */ = {
			isa = PBXVariantGroup;
			children = (
				5DAA5D6F22DA9EA300C6BDB5 /* Base */,
			);
			name = LaunchScreen.storyboard;
			sourceTree = "<group>";
		};
/* End PBXVariantGroup section */

/* Begin XCBuildConfiguration section */
		5DAA5D7222DA9EA300C6BDB5 /* Debug */ = {
			isa = XCBuildConfiguration;
			buildSettings = {
				ALWAYS_SEARCH_USER_PATHS = NO;
				CLANG_ANALYZER_NONNULL = YES;
				CLANG_ANALYZER_NUMBER_OBJECT_CONVERSION = YES_AGGRESSIVE;
				CLANG_CXX_LANGUAGE_STANDARD = "gnu++14";
				CLANG_CXX_LIBRARY = "libc++";
				CLANG_ENABLE_MODULES = YES;
				CLANG_ENABLE_OBJC_ARC = YES;
				CLANG_ENABLE_OBJC_WEAK = YES;
				CLANG_WARN_BLOCK_CAPTURE_AUTORELEASING = YES;
				CLANG_WARN_BOOL_CONVERSION = YES;
				CLANG_WARN_COMMA = YES;
				CLANG_WARN_CONSTANT_CONVERSION = YES;
				CLANG_WARN_DEPRECATED_OBJC_IMPLEMENTATIONS = YES;
				CLANG_WARN_DIRECT_OBJC_ISA_USAGE = YES_ERROR;
				CLANG_WARN_DOCUMENTATION_COMMENTS = YES;
				CLANG_WARN_EMPTY_BODY = YES;
				CLANG_WARN_ENUM_CONVERSION = YES;
				CLANG_WARN_INFINITE_RECURSION = YES;
				CLANG_WARN_INT_CONVERSION = YES;
				CLANG_WARN_NON_LITERAL_NULL_CONVERSION = YES;
				CLANG_WARN_OBJC_IMPLICIT_RETAIN_SELF = YES;
				CLANG_WARN_OBJC_LITERAL_CONVERSION = YES;
				CLANG_WARN_OBJC_ROOT_CLASS = YES_ERROR;
				CLANG_WARN_RANGE_LOOP_ANALYSIS = YES;
				CLANG_WARN_STRICT_PROTOTYPES = YES;
				CLANG_WARN_SUSPICIOUS_MOVE = YES;
				CLANG_WARN_UNGUARDED_AVAILABILITY = YES_AGGRESSIVE;
				CLANG_WARN_UNREACHABLE_CODE = YES;
				CLANG_WARN__DUPLICATE_METHOD_MATCH = YES;
				CODE_SIGN_IDENTITY = "iPhone Developer";
				COPY_PHASE_STRIP = NO;
				DEBUG_INFORMATION_FORMAT = dwarf;
				ENABLE_STRICT_OBJC_MSGSEND = YES;
				ENABLE_TESTABILITY = YES;
				GCC_C_LANGUAGE_STANDARD = gnu11;
				GCC_DYNAMIC_NO_PIC = NO;
				GCC_NO_COMMON_BLOCKS = YES;
				GCC_OPTIMIZATION_LEVEL = 0;
				GCC_PREPROCESSOR_DEFINITIONS = (
					"DEBUG=1",
					"$(inherited)",
				);
				GCC_WARN_64_TO_32_BIT_CONVERSION = YES;
				GCC_WARN_ABOUT_RETURN_TYPE = YES_ERROR;
				GCC_WARN_UNDECLARED_SELECTOR = YES;
				GCC_WARN_UNINITIALIZED_AUTOS = YES_AGGRESSIVE;
				GCC_WARN_UNUSED_FUNCTION = YES;
				GCC_WARN_UNUSED_VARIABLE = YES;
				IPHONEOS_DEPLOYMENT_TARGET = 12.2;
				MTL_ENABLE_DEBUG_INFO = INCLUDE_SOURCE;
				MTL_FAST_MATH = YES;
				ONLY_ACTIVE_ARCH = YES;
				SDKROOT = iphoneos;
				SWIFT_ACTIVE_COMPILATION_CONDITIONS = DEBUG;
				SWIFT_OPTIMIZATION_LEVEL = "-Onone";
			};
			name = Debug;
		};
		5DAA5D7322DA9EA300C6BDB5 /* Release */ = {
			isa = XCBuildConfiguration;
			buildSettings = {
				ALWAYS_SEARCH_USER_PATHS = NO;
				CLANG_ANALYZER_NONNULL = YES;
				CLANG_ANALYZER_NUMBER_OBJECT_CONVERSION = YES_AGGRESSIVE;
				CLANG_CXX_LANGUAGE_STANDARD = "gnu++14";
				CLANG_CXX_LIBRARY = "libc++";
				CLANG_ENABLE_MODULES = YES;
				CLANG_ENABLE_OBJC_ARC = YES;
				CLANG_ENABLE_OBJC_WEAK = YES;
				CLANG_WARN_BLOCK_CAPTURE_AUTORELEASING = YES;
				CLANG_WARN_BOOL_CONVERSION = YES;
				CLANG_WARN_COMMA = YES;
				CLANG_WARN_CONSTANT_CONVERSION = YES;
				CLANG_WARN_DEPRECATED_OBJC_IMPLEMENTATIONS = YES;
				CLANG_WARN_DIRECT_OBJC_ISA_USAGE = YES_ERROR;
				CLANG_WARN_DOCUMENTATION_COMMENTS = YES;
				CLANG_WARN_EMPTY_BODY = YES;
				CLANG_WARN_ENUM_CONVERSION = YES;
				CLANG_WARN_INFINITE_RECURSION = YES;
				CLANG_WARN_INT_CONVERSION = YES;
				CLANG_WARN_NON_LITERAL_NULL_CONVERSION = YES;
				CLANG_WARN_OBJC_IMPLICIT_RETAIN_SELF = YES;
				CLANG_WARN_OBJC_LITERAL_CONVERSION = YES;
				CLANG_WARN_OBJC_ROOT_CLASS = YES_ERROR;
				CLANG_WARN_RANGE_LOOP_ANALYSIS = YES;
				CLANG_WARN_STRICT_PROTOTYPES = YES;
				CLANG_WARN_SUSPICIOUS_MOVE = YES;
				CLANG_WARN_UNGUARDED_AVAILABILITY = YES_AGGRESSIVE;
				CLANG_WARN_UNREACHABLE_CODE = YES;
				CLANG_WARN__DUPLICATE_METHOD_MATCH = YES;
				CODE_SIGN_IDENTITY = "iPhone Developer";
				COPY_PHASE_STRIP = NO;
				DEBUG_INFORMATION_FORMAT = "dwarf-with-dsym";
				ENABLE_NS_ASSERTIONS = NO;
				ENABLE_STRICT_OBJC_MSGSEND = YES;
				GCC_C_LANGUAGE_STANDARD = gnu11;
				GCC_NO_COMMON_BLOCKS = YES;
				GCC_WARN_64_TO_32_BIT_CONVERSION = YES;
				GCC_WARN_ABOUT_RETURN_TYPE = YES_ERROR;
				GCC_WARN_UNDECLARED_SELECTOR = YES;
				GCC_WARN_UNINITIALIZED_AUTOS = YES_AGGRESSIVE;
				GCC_WARN_UNUSED_FUNCTION = YES;
				GCC_WARN_UNUSED_VARIABLE = YES;
				IPHONEOS_DEPLOYMENT_TARGET = 12.2;
				MTL_ENABLE_DEBUG_INFO = NO;
				MTL_FAST_MATH = YES;
				SDKROOT = iphoneos;
				SWIFT_COMPILATION_MODE = wholemodule;
				SWIFT_OPTIMIZATION_LEVEL = "-O";
				VALIDATE_PRODUCT = YES;
			};
			name = Release;
		};
		5DAA5D7522DA9EA300C6BDB5 /* Debug */ = {
			isa = XCBuildConfiguration;
			baseConfigurationReference = A5CEC199395E6E81FC5A8E28 /* Pods-APIdemo.debug.xcconfig */;
			buildSettings = {
				ASSETCATALOG_COMPILER_APPICON_NAME = AppIcon;
				CODE_SIGN_ENTITLEMENTS = APIdemo/APIdemo.entitlements;
				CODE_SIGN_STYLE = Automatic;
				DEVELOPMENT_TEAM = 9R5FN7C4SQ;
				INFOPLIST_FILE = APIdemo/Info.plist;
				LD_RUNPATH_SEARCH_PATHS = (
					"$(inherited)",
					"@executable_path/Frameworks",
				);
				PRODUCT_BUNDLE_IDENTIFIER = com.codebusters.APIdemo;
				PRODUCT_NAME = "$(TARGET_NAME)";
				SWIFT_VERSION = 5.0;
				TARGETED_DEVICE_FAMILY = "1,2";
			};
			name = Debug;
		};
		5DAA5D7622DA9EA300C6BDB5 /* Release */ = {
			isa = XCBuildConfiguration;
			baseConfigurationReference = 11713A83FCD2B4277BE7FE9E /* Pods-APIdemo.release.xcconfig */;
			buildSettings = {
				ASSETCATALOG_COMPILER_APPICON_NAME = AppIcon;
				CODE_SIGN_ENTITLEMENTS = APIdemo/APIdemo.entitlements;
				CODE_SIGN_STYLE = Automatic;
				DEVELOPMENT_TEAM = 9R5FN7C4SQ;
				INFOPLIST_FILE = APIdemo/Info.plist;
				LD_RUNPATH_SEARCH_PATHS = (
					"$(inherited)",
					"@executable_path/Frameworks",
				);
				PRODUCT_BUNDLE_IDENTIFIER = com.codebusters.APIdemo;
				PRODUCT_NAME = "$(TARGET_NAME)";
				SWIFT_VERSION = 5.0;
				TARGETED_DEVICE_FAMILY = "1,2";
			};
			name = Release;
		};
/* End XCBuildConfiguration section */

/* Begin XCConfigurationList section */
		5DAA5D5D22DA9EA200C6BDB5 /* Build configuration list for PBXProject "APIdemo" */ = {
			isa = XCConfigurationList;
			buildConfigurations = (
				5DAA5D7222DA9EA300C6BDB5 /* Debug */,
				5DAA5D7322DA9EA300C6BDB5 /* Release */,
			);
			defaultConfigurationIsVisible = 0;
			defaultConfigurationName = Release;
		};
		5DAA5D7422DA9EA300C6BDB5 /* Build configuration list for PBXNativeTarget "APIdemo" */ = {
			isa = XCConfigurationList;
			buildConfigurations = (
				5DAA5D7522DA9EA300C6BDB5 /* Debug */,
				5DAA5D7622DA9EA300C6BDB5 /* Release */,
			);
			defaultConfigurationIsVisible = 0;
			defaultConfigurationName = Release;
		};
/* End XCConfigurationList section */
	};
	rootObject = 5DAA5D5A22DA9EA200C6BDB5 /* Project object */;
}
